{
  "name": "axdoc",
  "lockfileVersion": 3,
  "requires": true,
  "packages": {
    "": {
      "dependencies": {
        "@autoxing/robot-js-sdk-dev": "^1.1.220"
      }
    },
    "node_modules/@autoxing/robot-js-sdk-dev": {
      "version": "1.1.220",
      "resolved": "https://registry.npmjs.org/@autoxing/robot-js-sdk-dev/-/robot-js-sdk-dev-1.1.220.tgz",
      "integrity": "sha512-BtmhKIS86F9JSQH6FnKBkHzHCFlm2vNyexUcjl1ZRU1DoidMJATvAJTEKdrUqp0fMstA9jVbvjvp9NXQ0w6SCQ=="
    }
  }
}
